
Microsoft Visual Studio Solution File, Format Version 12.00
# Visual Studio Version 17
VisualStudioVersion = 17.4.33403.182
MinimumVisualStudioVersion = 10.0.40219.1
Project("{2150E333-8FDC-42A3-9474-1A3956D46DE8}") = "Solution Items", "Solution Items", "{E5DCEA67-BAAE-4B1A-932E-F3C4C067842D}"
	ProjectSection(SolutionItems) = preProject
		.gitignore = .gitignore
		Directory.Build.props = Directory.Build.props
		GlobalUsings.cs = GlobalUsings.cs
		README.md = README.md
		UI-Layout.png = UI-Layout.png
	EndProjectSection
EndProject
Project("{9A19103F-16F7-4668-BE54-9A1E7A4F7556}") = "Vindik8s.Web", "Vindik8s.Web\Vindik8s.Web.csproj", "{CD279A69-7127-46C4-ABDC-611815E21DA6}"
EndProject
Project("{9A19103F-16F7-4668-BE54-9A1E7A4F7556}") = "Vindik8s.Communication.AzurePipelines", "Vindik8s.Communication.AzurePipelines\Vindik8s.Communication.AzurePipelines.csproj", "{B3336C7C-37E8-4848-81D5-5AD85C748284}"
EndProject
Project("{9A19103F-16F7-4668-BE54-9A1E7A4F7556}") = "Vindik8s.ClassLibrary", "Vindik8s.ClassLibrary\Vindik8s.ClassLibrary.csproj", "{867D11BF-4F86-4418-A144-203717A52CD6}"
EndProject
Global
	GlobalSection(SolutionConfigurationPlatforms) = preSolution
		Debug|Any CPU = Debug|Any CPU
		Release|Any CPU = Release|Any CPU
	EndGlobalSection
	GlobalSection(ProjectConfigurationPlatforms) = postSolution
		{CD279A69-7127-46C4-ABDC-611815E21DA6}.Debug|Any CPU.ActiveCfg = Debug|Any CPU
		{CD279A69-7127-46C4-ABDC-611815E21DA6}.Debug|Any CPU.Build.0 = Debug|Any CPU
		{CD279A69-7127-46C4-ABDC-611815E21DA6}.Release|Any CPU.ActiveCfg = Release|Any CPU
		{CD279A69-7127-46C4-ABDC-611815E21DA6}.Release|Any CPU.Build.0 = Release|Any CPU
		{B3336C7C-37E8-4848-81D5-5AD85C748284}.Debug|Any CPU.ActiveCfg = Debug|Any CPU
		{B3336C7C-37E8-4848-81D5-5AD85C748284}.Debug|Any CPU.Build.0 = Debug|Any CPU
		{B3336C7C-37E8-4848-81D5-5AD85C748284}.Release|Any CPU.ActiveCfg = Release|Any CPU
		{B3336C7C-37E8-4848-81D5-5AD85C748284}.Release|Any CPU.Build.0 = Release|Any CPU
		{867D11BF-4F86-4418-A144-203717A52CD6}.Debug|Any CPU.ActiveCfg = Debug|Any CPU
		{867D11BF-4F86-4418-A144-203717A52CD6}.Debug|Any CPU.Build.0 = Debug|Any CPU
		{867D11BF-4F86-4418-A144-203717A52CD6}.Release|Any CPU.ActiveCfg = Release|Any CPU
		{867D11BF-4F86-4418-A144-203717A52CD6}.Release|Any CPU.Build.0 = Release|Any CPU
	EndGlobalSection
	GlobalSection(SolutionProperties) = preSolution
		HideSolutionNode = FALSE
	EndGlobalSection
	GlobalSection(ExtensibilityGlobals) = postSolution
		SolutionGuid = {4FD1BC3E-E884-4B95-8909-378B99C78060}
	EndGlobalSection
EndGlobal
